
Microsoft Visual Studio Solution File, Format Version 12.00
# Visual Studio Version 17
VisualStudioVersion = 17.9.34728.123
MinimumVisualStudioVersion = 10.0.40219.1
Project("{9A19103F-16F7-4668-BE54-9A1E7A4F7556}") = "WizenkleBoss", "WizenkleBoss.csproj", "{022D19E0-9FDA-45BA-AFA2-BAF3C516A6B9}"
EndProject
Global
	GlobalSection(SolutionConfigurationPlatforms) = preSolution
		Debug|Any CPU = Debug|Any CPU
		Release|Any CPU = Release|Any CPU
	EndGlobalSection
	GlobalSection(ProjectConfigurationPlatforms) = postSolution
		{022D19E0-9FDA-45BA-AFA2-BAF3C516A6B9}.Debug|Any CPU.ActiveCfg = Debug|Any CPU
		{022D19E0-9FDA-45BA-AFA2-BAF3C516A6B9}.Debug|Any CPU.Build.0 = Debug|Any CPU
		{022D19E0-9FDA-45BA-AFA2-BAF3C516A6B9}.Release|Any CPU.ActiveCfg = Release|Any CPU
		{022D19E0-9FDA-45BA-AFA2-BAF3C516A6B9}.Release|Any CPU.Build.0 = Release|Any CPU
	EndGlobalSection
	GlobalSection(SolutionProperties) = preSolution
		HideSolutionNode = FALSE
	EndGlobalSection
	GlobalSection(ExtensibilityGlobals) = postSolution
		SolutionGuid = {F7672798-C5A5-4873-84C9-C97878AB4F1C}
	EndGlobalSection
EndGlobal
